
Microsoft Visual Studio Solution File, Format Version 11.00
# Visual Studio 2010
Project("{FAE04EC0-301F-11D3-BF4B-00C04F79EFBC}") = "IA_ARMAND_BERNARD_LETREGUILLY", "IA_ARMAND_BERNARD_LETREGUILLY\IA_ARMAND_BERNARD_LETREGUILLY.csproj", "{39BCB28B-A2E7-4DFB-9725-256A2BB38E38}"
EndProject
Global
	GlobalSection(SolutionConfigurationPlatforms) = preSolution
		Debug|x86 = Debug|x86
		Release|x86 = Release|x86
	EndGlobalSection
	GlobalSection(ProjectConfigurationPlatforms) = postSolution
		{39BCB28B-A2E7-4DFB-9725-256A2BB38E38}.Debug|x86.ActiveCfg = Debug|x86
		{39BCB28B-A2E7-4DFB-9725-256A2BB38E38}.Debug|x86.Build.0 = Debug|x86
		{39BCB28B-A2E7-4DFB-9725-256A2BB38E38}.Release|x86.ActiveCfg = Release|x86
		{39BCB28B-A2E7-4DFB-9725-256A2BB38E38}.Release|x86.Build.0 = Release|x86
	EndGlobalSection
	GlobalSection(SolutionProperties) = preSolution
		HideSolutionNode = FALSE
	EndGlobalSection
EndGlobal
